// !$*UTF8*$!
{
	archiveVersion = 1;
	classes = {
	};
	objectVersion = 45;
	objects = {

/* Begin PBXBuildFile section */
		570960D2113AE41C0086E773 /* TileRaster.cpp in Sources */ = {isa = PBXBuildFile; fileRef = 570960D1113AE41C0086E773 /* TileRaster.cpp */; };
		570960D3113AE41C0086E773 /* TileRaster.cpp in Sources */ = {isa = PBXBuildFile; fileRef = 570960D1113AE41C0086E773 /* TileRaster.cpp */; };
		570D7DA7112C84D4004C4260 /* Raster.cpp in Sources */ = {isa = PBXBuildFile; fileRef = 570D7DA5112C84D4004C4260 /* Raster.cpp */; };
		570D7DA8112C84D4004C4260 /* Raster.cpp in Sources */ = {isa = PBXBuildFile; fileRef = 570D7DA5112C84D4004C4260 /* Raster.cpp */; };
		572F1C6011A0E35B0097366F /* libpragma-OSX.a in Frameworks */ = {isa = PBXBuildFile; fileRef = 572F1C5F11A0E3490097366F /* libpragma-OSX.a */; };
		572F1D2011A0E3EC0097366F /* libpragma-iPhoneOS.a in Frameworks */ = {isa = PBXBuildFile; fileRef = 572F1C5D11A0E3490097366F /* libpragma-iPhoneOS.a */; };
		577057D5111F975100824133 /* MainMenu.xib in Resources */ = {isa = PBXBuildFile; fileRef = 57705765111F924800824133 /* MainMenu.xib */; };
		577057EE111F97E400824133 /* main.mm in Sources */ = {isa = PBXBuildFile; fileRef = 577057ED111F97E400824133 /* main.mm */; };
		57705802111F98A400824133 /* Cocoa.framework in Frameworks */ = {isa = PBXBuildFile; fileRef = 57705779111F94A200824133 /* Cocoa.framework */; };
		5770580C111F990200824133 /* TBRAppDelegate.m in Sources */ = {isa = PBXBuildFile; fileRef = 5770580B111F990200824133 /* TBRAppDelegate.m */; };
		57705840111F9B3300824133 /* MainView.mm in Sources */ = {isa = PBXBuildFile; fileRef = 5770583F111F9B3300824133 /* MainView.mm */; };
		57E221F7112B607100BBDCB9 /* main.m in Sources */ = {isa = PBXBuildFile; fileRef = 57E221E2112B5FD700BBDCB9 /* main.m */; };
		57E221F8112B607200BBDCB9 /* MainWindow.xib in Resources */ = {isa = PBXBuildFile; fileRef = 57E221E3112B5FD700BBDCB9 /* MainWindow.xib */; };
		57E221F9112B607600BBDCB9 /* EAGLView.mm in Sources */ = {isa = PBXBuildFile; fileRef = 57E221DC112B5FD700BBDCB9 /* EAGLView.mm */; };
		57E221FA112B607700BBDCB9 /* ES1Renderer.mm in Sources */ = {isa = PBXBuildFile; fileRef = 57E221DE112B5FD700BBDCB9 /* ES1Renderer.mm */; };
		57E221FB112B607800BBDCB9 /* UntitledAppDelegate.m in Sources */ = {isa = PBXBuildFile; fileRef = 57E221E1112B5FD700BBDCB9 /* UntitledAppDelegate.m */; };
		57E22378112B638700BBDCB9 /* OpenGLES.framework in Frameworks */ = {isa = PBXBuildFile; fileRef = 57E22377112B638700BBDCB9 /* OpenGLES.framework */; };
		57E22381112B63A200BBDCB9 /* QuartzCore.framework in Frameworks */ = {isa = PBXBuildFile; fileRef = 57E22380112B63A200BBDCB9 /* QuartzCore.framework */; };
		57E22385112B63AC00BBDCB9 /* UIKit.framework in Frameworks */ = {isa = PBXBuildFile; fileRef = 57E22384112B63AC00BBDCB9 /* UIKit.framework */; };
		57E22388112B63B700BBDCB9 /* Foundation.framework in Frameworks */ = {isa = PBXBuildFile; fileRef = 57E22387112B63B700BBDCB9 /* Foundation.framework */; };
/* End PBXBuildFile section */

/* Begin PBXContainerItemProxy section */
		572F1C5C11A0E3490097366F /* PBXContainerItemProxy */ = {
			isa = PBXContainerItemProxy;
			containerPortal = 572F1C5411A0E3490097366F /* pragma.xcodeproj */;
			proxyType = 2;
			remoteGlobalIDString = D2AAC046055464E500DB518D;
			remoteInfo = "pragma-iPhoneOS";
		};
		572F1C5E11A0E3490097366F /* PBXContainerItemProxy */ = {
			isa = PBXContainerItemProxy;
			containerPortal = 572F1C5411A0E3490097366F /* pragma.xcodeproj */;
			proxyType = 2;
			remoteGlobalIDString = 57FC89C111A070C1005DED42;
			remoteInfo = "pragma-OSX";
		};
		572F1C6611A0E38E0097366F /* PBXContainerItemProxy */ = {
			isa = PBXContainerItemProxy;
			containerPortal = 572F1C5411A0E3490097366F /* pragma.xcodeproj */;
			proxyType = 1;
			remoteGlobalIDString = 57FC89C011A070C1005DED42;
			remoteInfo = "pragma-OSX";
		};
		572F1D1E11A0E3D10097366F /* PBXContainerItemProxy */ = {
			isa = PBXContainerItemProxy;
			containerPortal = 572F1C5411A0E3490097366F /* pragma.xcodeproj */;
			proxyType = 1;
			remoteGlobalIDString = D2AAC045055464E500DB518D;
			remoteInfo = "pragma-iPhoneOS";
		};
/* End PBXContainerItemProxy section */

/* Begin PBXFileReference section */
		570960D0113AE41C0086E773 /* TileRaster.h */ = {isa = PBXFileReference; fileEncoding = 4; lastKnownFileType = sourcecode.c.h; name = TileRaster.h; path = ../TileRaster/TileRaster.h; sourceTree = SOURCE_ROOT; };
		570960D1113AE41C0086E773 /* TileRaster.cpp */ = {isa = PBXFileReference; fileEncoding = 4; lastKnownFileType = sourcecode.cpp.cpp; name = TileRaster.cpp; path = ../TileRaster/TileRaster.cpp; sourceTree = SOURCE_ROOT; };
		570D7DA5112C84D4004C4260 /* Raster.cpp */ = {isa = PBXFileReference; fileEncoding = 4; lastKnownFileType = sourcecode.cpp.cpp; name = Raster.cpp; path = ../SoftRaster/Raster.cpp; sourceTree = SOURCE_ROOT; };
		570D7DA6112C84D4004C4260 /* Raster.h */ = {isa = PBXFileReference; fileEncoding = 4; lastKnownFileType = sourcecode.c.h; name = Raster.h; path = ../SoftRaster/Raster.h; sourceTree = SOURCE_ROOT; };
		570D7DAD112C8641004C4260 /* internal_types.h */ = {isa = PBXFileReference; fileEncoding = 4; lastKnownFileType = sourcecode.c.h; name = internal_types.h; path = ../SoftRaster/internal_types.h; sourceTree = SOURCE_ROOT; };
		570D7E12112C930B004C4260 /* functions.h */ = {isa = PBXFileReference; fileEncoding = 4; lastKnownFileType = sourcecode.c.h; name = functions.h; path = ../SoftRaster/functions.h; sourceTree = SOURCE_ROOT; };
		571FB9C1112DE754001D9DEB /* Texture.h */ = {isa = PBXFileReference; fileEncoding = 4; lastKnownFileType = sourcecode.c.h; name = Texture.h; path = ../SoftRaster/Texture.h; sourceTree = SOURCE_ROOT; };
		572F1C5411A0E3490097366F /* pragma.xcodeproj */ = {isa = PBXFileReference; lastKnownFileType = "wrapper.pb-project"; name = pragma.xcodeproj; path = ../../pragma.xcodeproj; sourceTree = SOURCE_ROOT; };
		5737D4581151B89400C4131E /* functions.h */ = {isa = PBXFileReference; fileEncoding = 4; lastKnownFileType = sourcecode.c.h; name = functions.h; path = ../TileRaster/functions.h; sourceTree = SOURCE_ROOT; };
		5737D45D1151B90700C4131E /* internal_types.h */ = {isa = PBXFileReference; fileEncoding = 4; lastKnownFileType = sourcecode.c.h; name = internal_types.h; path = ../TileRaster/internal_types.h; sourceTree = SOURCE_ROOT; };
		5737D4661151B9C800C4131E /* Rasters.h */ = {isa = PBXFileReference; fileEncoding = 4; lastKnownFileType = sourcecode.c.h; name = Rasters.h; path = ../TileRaster/Rasters.h; sourceTree = SOURCE_ROOT; };
		574C7AB811335455008FD34B /* Color.h */ = {isa = PBXFileReference; fileEncoding = 4; lastKnownFileType = sourcecode.c.h; name = Color.h; path = ../SoftRaster/Color.h; sourceTree = SOURCE_ROOT; };
		574C7AB911335455008FD34B /* Position.h */ = {isa = PBXFileReference; fileEncoding = 4; lastKnownFileType = sourcecode.c.h; name = Position.h; path = ../SoftRaster/Position.h; sourceTree = SOURCE_ROOT; };
		574C7AFE1133566F008FD34B /* TextureSampler.h */ = {isa = PBXFileReference; fileEncoding = 4; lastKnownFileType = sourcecode.c.h; name = TextureSampler.h; path = ../SoftRaster/TextureSampler.h; sourceTree = SOURCE_ROOT; };
		576381FD1134B1B20057CCF9 /* Gouraud.h */ = {isa = PBXFileReference; fileEncoding = 4; lastKnownFileType = sourcecode.c.h; name = Gouraud.h; path = ../SoftRaster/Gouraud.h; sourceTree = SOURCE_ROOT; };
		57705765111F924800824133 /* MainMenu.xib */ = {isa = PBXFileReference; lastKnownFileType = file.xib; path = MainMenu.xib; sourceTree = "<group>"; };
		57705779111F94A200824133 /* Cocoa.framework */ = {isa = PBXFileReference; lastKnownFileType = wrapper.framework; name = Cocoa.framework; path = System/Library/Frameworks/Cocoa.framework; sourceTree = SDKROOT; };
		5770578D111F95CA00824133 /* TileBasedRenderer-list.strings */ = {isa = PBXFileReference; fileEncoding = 4; lastKnownFileType = text.plist.strings; path = "TileBasedRenderer-list.strings"; sourceTree = "<group>"; };
		577057C7111F96AD00824133 /* TileBasedRenderer.app */ = {isa = PBXFileReference; explicitFileType = wrapper.application; includeInIndex = 0; path = TileBasedRenderer.app; sourceTree = BUILT_PRODUCTS_DIR; };
		577057C9111F96AD00824133 /* TileBasedRenderer-Info.plist */ = {isa = PBXFileReference; lastKnownFileType = text.plist.xml; path = "TileBasedRenderer-Info.plist"; sourceTree = "<group>"; };
		577057ED111F97E400824133 /* main.mm */ = {isa = PBXFileReference; fileEncoding = 4; lastKnownFileType = sourcecode.cpp.objcpp; path = main.mm; sourceTree = "<group>"; };
		5770580A111F990200824133 /* TBRAppDelegate.h */ = {isa = PBXFileReference; fileEncoding = 4; lastKnownFileType = sourcecode.c.h; path = TBRAppDelegate.h; sourceTree = "<group>"; };
		5770580B111F990200824133 /* TBRAppDelegate.m */ = {isa = PBXFileReference; fileEncoding = 4; lastKnownFileType = sourcecode.c.objc; path = TBRAppDelegate.m; sourceTree = "<group>"; };
		5770583E111F9B3300824133 /* MainView.h */ = {isa = PBXFileReference; fileEncoding = 4; lastKnownFileType = sourcecode.c.h; path = MainView.h; sourceTree = "<group>"; };
		5770583F111F9B3300824133 /* MainView.mm */ = {isa = PBXFileReference; fileEncoding = 4; lastKnownFileType = sourcecode.cpp.objcpp; path = MainView.mm; sourceTree = "<group>"; };
		57BA6986111115FB00FFA062 /* EntryPoint.cpp */ = {isa = PBXFileReference; fileEncoding = 4; lastKnownFileType = sourcecode.cpp.cpp; name = EntryPoint.cpp; path = ../EntryPoint.cpp; sourceTree = SOURCE_ROOT; };
		57C7BB6911334B6E00F1256C /* TextureModulate.h */ = {isa = PBXFileReference; fileEncoding = 4; lastKnownFileType = sourcecode.c.h; name = TextureModulate.h; path = ../SoftRaster/TextureModulate.h; sourceTree = SOURCE_ROOT; };
		57E221DB112B5FD700BBDCB9 /* EAGLView.h */ = {isa = PBXFileReference; fileEncoding = 4; lastKnownFileType = sourcecode.c.h; path = EAGLView.h; sourceTree = "<group>"; };
		57E221DC112B5FD700BBDCB9 /* EAGLView.mm */ = {isa = PBXFileReference; fileEncoding = 4; lastKnownFileType = sourcecode.cpp.objcpp; path = EAGLView.mm; sourceTree = "<group>"; };
		57E221DD112B5FD700BBDCB9 /* ES1Renderer.h */ = {isa = PBXFileReference; fileEncoding = 4; lastKnownFileType = sourcecode.c.h; path = ES1Renderer.h; sourceTree = "<group>"; };
		57E221DE112B5FD700BBDCB9 /* ES1Renderer.mm */ = {isa = PBXFileReference; fileEncoding = 4; lastKnownFileType = sourcecode.cpp.objcpp; path = ES1Renderer.mm; sourceTree = "<group>"; };
		57E221DF112B5FD700BBDCB9 /* ESRenderer.h */ = {isa = PBXFileReference; fileEncoding = 4; lastKnownFileType = sourcecode.c.h; path = ESRenderer.h; sourceTree = "<group>"; };
		57E221E0112B5FD700BBDCB9 /* UntitledAppDelegate.h */ = {isa = PBXFileReference; fileEncoding = 4; lastKnownFileType = sourcecode.c.h; path = UntitledAppDelegate.h; sourceTree = "<group>"; };
		57E221E1112B5FD700BBDCB9 /* UntitledAppDelegate.m */ = {isa = PBXFileReference; fileEncoding = 4; lastKnownFileType = sourcecode.c.objc; path = UntitledAppDelegate.m; sourceTree = "<group>"; };
		57E221E2112B5FD700BBDCB9 /* main.m */ = {isa = PBXFileReference; fileEncoding = 4; lastKnownFileType = sourcecode.c.objc; name = main.m; path = iPhone/main.m; sourceTree = "<group>"; };
		57E221E3112B5FD700BBDCB9 /* MainWindow.xib */ = {isa = PBXFileReference; lastKnownFileType = file.xib; name = MainWindow.xib; path = iPhone/MainWindow.xib; sourceTree = "<group>"; };
		57E221E4112B5FD700BBDCB9 /* iPhone-Info.plist */ = {isa = PBXFileReference; fileEncoding = 4; lastKnownFileType = text.plist.xml; name = "iPhone-Info.plist"; path = "iPhone/iPhone-Info.plist"; sourceTree = "<group>"; };
		57E221EF112B600A00BBDCB9 /* iPhone.app */ = {isa = PBXFileReference; explicitFileType = wrapper.application; includeInIndex = 0; path = iPhone.app; sourceTree = BUILT_PRODUCTS_DIR; };
		57E22377112B638700BBDCB9 /* OpenGLES.framework */ = {isa = PBXFileReference; lastKnownFileType = wrapper.framework; name = OpenGLES.framework; path = System/Library/Frameworks/OpenGLES.framework; sourceTree = SDKROOT; };
		57E22380112B63A200BBDCB9 /* QuartzCore.framework */ = {isa = PBXFileReference; lastKnownFileType = wrapper.framework; name = QuartzCore.framework; path = System/Library/Frameworks/QuartzCore.framework; sourceTree = SDKROOT; };
		57E22384112B63AC00BBDCB9 /* UIKit.framework */ = {isa = PBXFileReference; lastKnownFileType = wrapper.framework; name = UIKit.framework; path = System/Library/Frameworks/UIKit.framework; sourceTree = SDKROOT; };
		57E22387112B63B700BBDCB9 /* Foundation.framework */ = {isa = PBXFileReference; lastKnownFileType = wrapper.framework; name = Foundation.framework; path = System/Library/Frameworks/Foundation.framework; sourceTree = SDKROOT; };
		C6859E8B029090EE04C91782 /* TileBasedRenderer.1 */ = {isa = PBXFileReference; lastKnownFileType = text.man; path = TileBasedRenderer.1; sourceTree = "<group>"; };
/* End PBXFileReference section */

/* Begin PBXFrameworksBuildPhase section */
		577057C5111F96AD00824133 /* Frameworks */ = {
			isa = PBXFrameworksBuildPhase;
			buildActionMask = 2147483647;
			files = (
				57705802111F98A400824133 /* Cocoa.framework in Frameworks */,
				572F1C6011A0E35B0097366F /* libpragma-OSX.a in Frameworks */,
			);
			runOnlyForDeploymentPostprocessing = 0;
		};
		57E221ED112B600A00BBDCB9 /* Frameworks */ = {
			isa = PBXFrameworksBuildPhase;
			buildActionMask = 2147483647;
			files = (
				57E22378112B638700BBDCB9 /* OpenGLES.framework in Frameworks */,
				57E22381112B63A200BBDCB9 /* QuartzCore.framework in Frameworks */,
				57E22385112B63AC00BBDCB9 /* UIKit.framework in Frameworks */,
				57E22388112B63B700BBDCB9 /* Foundation.framework in Frameworks */,
				572F1D2011A0E3EC0097366F /* libpragma-iPhoneOS.a in Frameworks */,
			);
			runOnlyForDeploymentPostprocessing = 0;
		};
/* End PBXFrameworksBuildPhase section */

/* Begin PBXGroup section */
		08FB7794FE84155DC02AAC07 /* TileBasedRenderer */ = {
			isa = PBXGroup;
			children = (
				572F1C5411A0E3490097366F /* pragma.xcodeproj */,
				57C33F1811397AC400563A4D /* Platform */,
				08FB7795FE84155DC02AAC07 /* Source */,
				57705766111F925100824133 /* Resources */,
				C6859E8C029090F304C91782 /* Documentation */,
				1AB674ADFE9D54B511CA2CBB /* Products */,
				57705779111F94A200824133 /* Cocoa.framework */,
			);
			name = TileBasedRenderer;
			sourceTree = "<group>";
		};
		08FB7795FE84155DC02AAC07 /* Source */ = {
			isa = PBXGroup;
			children = (
				570960CF113AE1B20086E773 /* TileRaster */,
				570D7DA3112C844D004C4260 /* SoftRaster */,
				57BA6986111115FB00FFA062 /* EntryPoint.cpp */,
			);
			name = Source;
			sourceTree = "<group>";
		};
		1AB674ADFE9D54B511CA2CBB /* Products */ = {
			isa = PBXGroup;
			children = (
				577057C7111F96AD00824133 /* TileBasedRenderer.app */,
				57E221EF112B600A00BBDCB9 /* iPhone.app */,
			);
			name = Products;
			sourceTree = "<group>";
		};
		570960CF113AE1B20086E773 /* TileRaster */ = {
			isa = PBXGroup;
			children = (
				570960D0113AE41C0086E773 /* TileRaster.h */,
				570960D1113AE41C0086E773 /* TileRaster.cpp */,
				5737D4581151B89400C4131E /* functions.h */,
				5737D45D1151B90700C4131E /* internal_types.h */,
				5737D4661151B9C800C4131E /* Rasters.h */,
			);
			name = TileRaster;
			sourceTree = "<group>";
		};
		570D7DA3112C844D004C4260 /* SoftRaster */ = {
			isa = PBXGroup;
			children = (
				570D7DA5112C84D4004C4260 /* Raster.cpp */,
				570D7DA6112C84D4004C4260 /* Raster.h */,
				570D7DAD112C8641004C4260 /* internal_types.h */,
				574C7AB911335455008FD34B /* Position.h */,
				574C7AB811335455008FD34B /* Color.h */,
				571FB9C1112DE754001D9DEB /* Texture.h */,
				57C7BB6911334B6E00F1256C /* TextureModulate.h */,
				576381FD1134B1B20057CCF9 /* Gouraud.h */,
				570D7E12112C930B004C4260 /* functions.h */,
				574C7AFE1133566F008FD34B /* TextureSampler.h */,
			);
			name = SoftRaster;
			sourceTree = "<group>";
		};
		572F1C5511A0E3490097366F /* Products */ = {
			isa = PBXGroup;
			children = (
				572F1C5D11A0E3490097366F /* libpragma-iPhoneOS.a */,
				572F1C5F11A0E3490097366F /* libpragma-OSX.a */,
			);
			name = Products;
			sourceTree = "<group>";
		};
		57705766111F925100824133 /* Resources */ = {
			isa = PBXGroup;
			children = (
				577057C9111F96AD00824133 /* TileBasedRenderer-Info.plist */,
				57705765111F924800824133 /* MainMenu.xib */,
				5770578D111F95CA00824133 /* TileBasedRenderer-list.strings */,
			);
			name = Resources;
			sourceTree = "<group>";
		};
		57C33F1811397AC400563A4D /* Platform */ = {
			isa = PBXGroup;
			children = (
				57E221D9112B5FBC00BBDCB9 /* iPhone */,
				57E326941138BB6F008721D5 /* OSX */,
			);
			name = Platform;
			sourceTree = "<group>";
		};
		57E221D9112B5FBC00BBDCB9 /* iPhone */ = {
			isa = PBXGroup;
			children = (
				57E222BA112B60BF00BBDCB9 /* Frameworks */,
				57E221DA112B5FD700BBDCB9 /* Classes */,
				57E221E2112B5FD700BBDCB9 /* main.m */,
				57E221E3112B5FD700BBDCB9 /* MainWindow.xib */,
				57E221E4112B5FD700BBDCB9 /* iPhone-Info.plist */,
			);
			name = iPhone;
			sourceTree = "<group>";
		};
		57E221DA112B5FD700BBDCB9 /* Classes */ = {
			isa = PBXGroup;
			children = (
				57E221DB112B5FD700BBDCB9 /* EAGLView.h */,
				57E221DC112B5FD700BBDCB9 /* EAGLView.mm */,
				57E221DD112B5FD700BBDCB9 /* ES1Renderer.h */,
				57E221DE112B5FD700BBDCB9 /* ES1Renderer.mm */,
				57E221DF112B5FD700BBDCB9 /* ESRenderer.h */,
				57E221E0112B5FD700BBDCB9 /* UntitledAppDelegate.h */,
				57E221E1112B5FD700BBDCB9 /* UntitledAppDelegate.m */,
			);
			name = Classes;
			path = iPhone/Classes;
			sourceTree = "<group>";
		};
		57E222BA112B60BF00BBDCB9 /* Frameworks */ = {
			isa = PBXGroup;
			children = (
				57E22377112B638700BBDCB9 /* OpenGLES.framework */,
				57E22380112B63A200BBDCB9 /* QuartzCore.framework */,
				57E22384112B63AC00BBDCB9 /* UIKit.framework */,
				57E22387112B63B700BBDCB9 /* Foundation.framework */,
			);
			name = Frameworks;
			sourceTree = "<group>";
		};
		57E326941138BB6F008721D5 /* OSX */ = {
			isa = PBXGroup;
			children = (
				577057ED111F97E400824133 /* main.mm */,
				5770580A111F990200824133 /* TBRAppDelegate.h */,
				5770580B111F990200824133 /* TBRAppDelegate.m */,
				5770583E111F9B3300824133 /* MainView.h */,
				5770583F111F9B3300824133 /* MainView.mm */,
			);
			name = OSX;
			sourceTree = "<group>";
		};
		C6859E8C029090F304C91782 /* Documentation */ = {
			isa = PBXGroup;
			children = (
				C6859E8B029090EE04C91782 /* TileBasedRenderer.1 */,
			);
			name = Documentation;
			sourceTree = "<group>";
		};
/* End PBXGroup section */

/* Begin PBXNativeTarget section */
		577057C6111F96AD00824133 /* OSX */ = {
			isa = PBXNativeTarget;
			buildConfigurationList = 577057CC111F96AD00824133 /* Build configuration list for PBXNativeTarget "OSX" */;
			buildPhases = (
				577057C3111F96AD00824133 /* Resources */,
				577057C4111F96AD00824133 /* Sources */,
				577057C5111F96AD00824133 /* Frameworks */,
			);
			buildRules = (
			);
			dependencies = (
				572F1C6711A0E38E0097366F /* PBXTargetDependency */,
			);
			name = OSX;
			productName = TileBasedRenderer;
			productReference = 577057C7111F96AD00824133 /* TileBasedRenderer.app */;
			productType = "com.apple.product-type.application";
		};
		57E221EE112B600A00BBDCB9 /* iPhone */ = {
			isa = PBXNativeTarget;
			buildConfigurationList = 57E221F4112B600B00BBDCB9 /* Build configuration list for PBXNativeTarget "iPhone" */;
			buildPhases = (
				57E221EB112B600A00BBDCB9 /* Resources */,
				57E221EC112B600A00BBDCB9 /* Sources */,
				57E221ED112B600A00BBDCB9 /* Frameworks */,
			);
			buildRules = (
			);
			dependencies = (
				572F1D1F11A0E3D10097366F /* PBXTargetDependency */,
			);
			name = iPhone;
			productName = iPhone;
			productReference = 57E221EF112B600A00BBDCB9 /* iPhone.app */;
			productType = "com.apple.product-type.application";
		};
/* End PBXNativeTarget section */

/* Begin PBXProject section */
		08FB7793FE84155DC02AAC07 /* Project object */ = {
			isa = PBXProject;
			buildConfigurationList = 1DEB923508733DC60010E9CD /* Build configuration list for PBXProject "TileBasedRenderer" */;
			compatibilityVersion = "Xcode 3.1";
			developmentRegion = English;
			hasScannedForEncodings = 1;
			knownRegions = (
				English,
				Japanese,
				French,
				German,
			);
			mainGroup = 08FB7794FE84155DC02AAC07 /* TileBasedRenderer */;
			projectDirPath = "";
			projectReferences = (
				{
					ProductGroup = 572F1C5511A0E3490097366F /* Products */;
					ProjectRef = 572F1C5411A0E3490097366F /* pragma.xcodeproj */;
				},
			);
			projectRoot = "";
			targets = (
				577057C6111F96AD00824133 /* OSX */,
				57E221EE112B600A00BBDCB9 /* iPhone */,
			);
		};
/* End PBXProject section */

/* Begin PBXReferenceProxy section */
		572F1C5D11A0E3490097366F /* libpragma-iPhoneOS.a */ = {
			isa = PBXReferenceProxy;
			fileType = archive.ar;
			path = "libpragma-iPhoneOS.a";
			remoteRef = 572F1C5C11A0E3490097366F /* PBXContainerItemProxy */;
			sourceTree = BUILT_PRODUCTS_DIR;
		};
		572F1C5F11A0E3490097366F /* libpragma-OSX.a */ = {
			isa = PBXReferenceProxy;
			fileType = archive.ar;
			path = "libpragma-OSX.a";
			remoteRef = 572F1C5E11A0E3490097366F /* PBXContainerItemProxy */;
			sourceTree = BUILT_PRODUCTS_DIR;
		};
/* End PBXReferenceProxy section */

/* Begin PBXResourcesBuildPhase section */
		577057C3111F96AD00824133 /* Resources */ = {
			isa = PBXResourcesBuildPhase;
			buildActionMask = 2147483647;
			files = (
				577057D5111F975100824133 /* MainMenu.xib in Resources */,
			);
			runOnlyForDeploymentPostprocessing = 0;
		};
		57E221EB112B600A00BBDCB9 /* Resources */ = {
			isa = PBXResourcesBuildPhase;
			buildActionMask = 2147483647;
			files = (
				57E221F8112B607200BBDCB9 /* MainWindow.xib in Resources */,
			);
			runOnlyForDeploymentPostprocessing = 0;
		};
/* End PBXResourcesBuildPhase section */

/* Begin PBXSourcesBuildPhase section */
		577057C4111F96AD00824133 /* Sources */ = {
			isa = PBXSourcesBuildPhase;
			buildActionMask = 2147483647;
			files = (
				577057EE111F97E400824133 /* main.mm in Sources */,
				5770580C111F990200824133 /* TBRAppDelegate.m in Sources */,
				57705840111F9B3300824133 /* MainView.mm in Sources */,
				570D7DA7112C84D4004C4260 /* Raster.cpp in Sources */,
				570960D3113AE41C0086E773 /* TileRaster.cpp in Sources */,
			);
			runOnlyForDeploymentPostprocessing = 0;
		};
		57E221EC112B600A00BBDCB9 /* Sources */ = {
			isa = PBXSourcesBuildPhase;
			buildActionMask = 2147483647;
			files = (
				57E221F7112B607100BBDCB9 /* main.m in Sources */,
				57E221F9112B607600BBDCB9 /* EAGLView.mm in Sources */,
				57E221FA112B607700BBDCB9 /* ES1Renderer.mm in Sources */,
				57E221FB112B607800BBDCB9 /* UntitledAppDelegate.m in Sources */,
				570D7DA8112C84D4004C4260 /* Raster.cpp in Sources */,
				570960D2113AE41C0086E773 /* TileRaster.cpp in Sources */,
			);
			runOnlyForDeploymentPostprocessing = 0;
		};
/* End PBXSourcesBuildPhase section */

/* Begin PBXTargetDependency section */
		572F1C6711A0E38E0097366F /* PBXTargetDependency */ = {
			isa = PBXTargetDependency;
			name = "pragma-OSX";
			targetProxy = 572F1C6611A0E38E0097366F /* PBXContainerItemProxy */;
		};
		572F1D1F11A0E3D10097366F /* PBXTargetDependency */ = {
			isa = PBXTargetDependency;
			name = "pragma-iPhoneOS";
			targetProxy = 572F1D1E11A0E3D10097366F /* PBXContainerItemProxy */;
		};
/* End PBXTargetDependency section */

/* Begin XCBuildConfiguration section */
		1DEB923608733DC60010E9CD /* Debug */ = {
			isa = XCBuildConfiguration;
			buildSettings = {
				ARCHS = "$(ARCHS_STANDARD_32_64_BIT)";
				GCC_C_LANGUAGE_STANDARD = gnu99;
				GCC_OPTIMIZATION_LEVEL = 0;
				GCC_WARN_ABOUT_RETURN_TYPE = YES;
				GCC_WARN_UNUSED_FUNCTION = YES;
				GCC_WARN_UNUSED_VALUE = YES;
				GCC_WARN_UNUSED_VARIABLE = YES;
				HEADER_SEARCH_PATHS = ../../../src;
				ONLY_ACTIVE_ARCH = YES;
				PREBINDING = NO;
				SDKROOT = macosx10.6;
			};
			name = Debug;
		};
		1DEB923708733DC60010E9CD /* Release */ = {
			isa = XCBuildConfiguration;
			buildSettings = {
				ARCHS = "$(ARCHS_STANDARD_32_64_BIT)";
				GCC_AUTO_VECTORIZATION = YES;
				GCC_C_LANGUAGE_STANDARD = gnu99;
				GCC_ENABLE_CPP_EXCEPTIONS = NO;
				GCC_ENABLE_CPP_RTTI = NO;
				GCC_FAST_MATH = YES;
				GCC_OPTIMIZATION_LEVEL = 3;
				GCC_STRICT_ALIASING = YES;
				GCC_UNROLL_LOOPS = YES;
				GCC_WARN_ABOUT_RETURN_TYPE = YES;
				GCC_WARN_UNUSED_FUNCTION = YES;
				GCC_WARN_UNUSED_VALUE = YES;
				GCC_WARN_UNUSED_VARIABLE = YES;
				HEADER_SEARCH_PATHS = ../../../src;
				PREBINDING = NO;
				SDKROOT = macosx10.6;
			};
			name = Release;
		};
		577057CA111F96AD00824133 /* Debug */ = {
			isa = XCBuildConfiguration;
			buildSettings = {
				ALWAYS_SEARCH_USER_PATHS = NO;
				COPY_PHASE_STRIP = NO;
				GCC_DYNAMIC_NO_PIC = NO;
				GCC_ENABLE_FIX_AND_CONTINUE = YES;
				GCC_MODEL_TUNING = G5;
				GCC_OPTIMIZATION_LEVEL = 0;
				INFOPLIST_FILE = "TileBasedRenderer-Info.plist";
				INSTALL_PATH = "$(HOME)/Applications";
				OTHER_LDFLAGS = (
					"-framework",
					Foundation,
					"-framework",
					AppKit,
				);
				PREBINDING = NO;
				PRODUCT_NAME = TileBasedRenderer;
			};
			name = Debug;
		};
		577057CB111F96AD00824133 /* Release */ = {
			isa = XCBuildConfiguration;
			buildSettings = {
				ALWAYS_SEARCH_USER_PATHS = NO;
				COPY_PHASE_STRIP = YES;
				DEBUG_INFORMATION_FORMAT = "dwarf-with-dsym";
				GCC_ENABLE_FIX_AND_CONTINUE = NO;
				GCC_ENABLE_SSE3_EXTENSIONS = YES;
				GCC_ENABLE_SSE41_EXTENSIONS = YES;
				GCC_ENABLE_SSE42_EXTENSIONS = YES;
				GCC_ENABLE_SUPPLEMENTAL_SSE3_INSTRUCTIONS = YES;
				GCC_MODEL_TUNING = G5;
				INFOPLIST_FILE = "TileBasedRenderer-Info.plist";
				INSTALL_PATH = "$(HOME)/Applications";
				OTHER_LDFLAGS = (
					"-framework",
					Foundation,
					"-framework",
					AppKit,
				);
				PREBINDING = NO;
				PRODUCT_NAME = TileBasedRenderer;
				ZERO_LINK = NO;
			};
			name = Release;
		};
		57E221F2112B600B00BBDCB9 /* Debug */ = {
			isa = XCBuildConfiguration;
			buildSettings = {
				ALWAYS_SEARCH_USER_PATHS = NO;
				ARCHS = "$(ARCHS_STANDARD_32_BIT)";
				CODE_SIGN_IDENTITY = "iPhone Developer";
				COPY_PHASE_STRIP = NO;
				GCC_AUTO_VECTORIZATION = YES;
				GCC_DEBUGGING_SYMBOLS = full;
				GCC_DYNAMIC_NO_PIC = YES;
				GCC_FAST_MATH = YES;
				GCC_STRICT_ALIASING = YES;
				GCC_THUMB_SUPPORT = NO;
				GCC_UNROLL_LOOPS = YES;
				INFOPLIST_FILE = "iPhone/iPhone-Info.plist";
				INSTALL_PATH = "$(HOME)/Applications";
				ONLY_ACTIVE_ARCH = NO;
				OTHER_LDFLAGS = "";
				PREBINDING = NO;
				PRODUCT_NAME = iPhone;
				SDKROOT = iphoneos4.1;
				SKIP_INSTALL = YES;
			};
			name = Debug;
		};
		57E221F3112B600B00BBDCB9 /* Release */ = {
			isa = XCBuildConfiguration;
			buildSettings = {
				ALWAYS_SEARCH_USER_PATHS = NO;
				ARCHS = "$(ARCHS_UNIVERSAL_IPHONE_OS)";
				CODE_SIGN_IDENTITY = "iPhone Developer";
				COPY_PHASE_STRIP = NO;
				DEAD_CODE_STRIPPING = NO;
				DEBUG_INFORMATION_FORMAT = "dwarf-with-dsym";
				GCC_DEBUGGING_SYMBOLS = full;
				GCC_DYNAMIC_NO_PIC = YES;
				GCC_ENABLE_FIX_AND_CONTINUE = NO;
				GCC_FAST_MATH = YES;
				GCC_INLINES_ARE_PRIVATE_EXTERN = NO;
				GCC_STRICT_ALIASING = YES;
				GCC_THUMB_SUPPORT = NO;
				GCC_UNROLL_LOOPS = YES;
				INFOPLIST_FILE = "iPhone/iPhone-Info.plist";
				INSTALL_PATH = "$(HOME)/Applications";
				ONLY_ACTIVE_ARCH = NO;
				PREBINDING = NO;
				PRODUCT_NAME = iPhone;
				SDKROOT = iphoneos4.1;
				ZERO_LINK = NO;
			};
			name = Release;
		};
/* End XCBuildConfiguration section */

/* Begin XCConfigurationList section */
		1DEB923508733DC60010E9CD /* Build configuration list for PBXProject "TileBasedRenderer" */ = {
			isa = XCConfigurationList;
			buildConfigurations = (
				1DEB923608733DC60010E9CD /* Debug */,
				1DEB923708733DC60010E9CD /* Release */,
			);
			defaultConfigurationIsVisible = 0;
			defaultConfigurationName = Release;
		};
		577057CC111F96AD00824133 /* Build configuration list for PBXNativeTarget "OSX" */ = {
			isa = XCConfigurationList;
			buildConfigurations = (
				577057CA111F96AD00824133 /* Debug */,
				577057CB111F96AD00824133 /* Release */,
			);
			defaultConfigurationIsVisible = 0;
			defaultConfigurationName = Release;
		};
		57E221F4112B600B00BBDCB9 /* Build configuration list for PBXNativeTarget "iPhone" */ = {
			isa = XCConfigurationList;
			buildConfigurations = (
				57E221F2112B600B00BBDCB9 /* Debug */,
				57E221F3112B600B00BBDCB9 /* Release */,
			);
			defaultConfigurationIsVisible = 0;
			defaultConfigurationName = Release;
		};
/* End XCConfigurationList section */
	};
	rootObject = 08FB7793FE84155DC02AAC07 /* Project object */;
}
