// !$*UTF8*$!
{
	archiveVersion = 1;
	classes = {
	};
	objectVersion = 45;
	objects = {

/* Begin PBXBuildFile section */
		570960D2113AE41C0086E773 /* TileRaster.cpp in Sources */ = {isa = PBXBuildFile; fileRef = 570960D1113AE41C0086E773 /* TileRaster.cpp */; };
		570960D3113AE41C0086E773 /* TileRaster.cpp in Sources */ = {isa = PBXBuildFile; fileRef = 570960D1113AE41C0086E773 /* TileRaster.cpp */; };
		570D7DA7112C84D4004C4260 /* Raster.cpp in Sources */ = {isa = PBXBuildFile; fileRef = 570D7DA5112C84D4004C4260 /* Raster.cpp */; };
		570D7DA8112C84D4004C4260 /* Raster.cpp in Sources */ = {isa = PBXBuildFile; fileRef = 570D7DA5112C84D4004C4260 /* Raster.cpp */; };
		577057D5111F975100824133 /* MainMenu.xib in Resources */ = {isa = PBXBuildFile; fileRef = 57705765111F924800824133 /* MainMenu.xib */; };
		577057EE111F97E400824133 /* main.m in Sources */ = {isa = PBXBuildFile; fileRef = 577057ED111F97E400824133 /* main.m */; };
		57705802111F98A400824133 /* Cocoa.framework in Frameworks */ = {isa = PBXBuildFile; fileRef = 57705779111F94A200824133 /* Cocoa.framework */; };
		5770580C111F990200824133 /* TBRAppDelegate.m in Sources */ = {isa = PBXBuildFile; fileRef = 5770580B111F990200824133 /* TBRAppDelegate.m */; };
		57705840111F9B3300824133 /* MainView.mm in Sources */ = {isa = PBXBuildFile; fileRef = 5770583F111F9B3300824133 /* MainView.mm */; };
		57705A0C111FB31D00824133 /* math.cpp in Sources */ = {isa = PBXBuildFile; fileRef = 57BA69D91111168300FFA062 /* math.cpp */; };
		57E221F6112B605600BBDCB9 /* math.cpp in Sources */ = {isa = PBXBuildFile; fileRef = 57BA69D91111168300FFA062 /* math.cpp */; };
		57E221F7112B607100BBDCB9 /* main.m in Sources */ = {isa = PBXBuildFile; fileRef = 57E221E2112B5FD700BBDCB9 /* main.m */; };
		57E221F8112B607200BBDCB9 /* MainWindow.xib in Resources */ = {isa = PBXBuildFile; fileRef = 57E221E3112B5FD700BBDCB9 /* MainWindow.xib */; };
		57E221F9112B607600BBDCB9 /* EAGLView.mm in Sources */ = {isa = PBXBuildFile; fileRef = 57E221DC112B5FD700BBDCB9 /* EAGLView.mm */; };
		57E221FA112B607700BBDCB9 /* ES1Renderer.mm in Sources */ = {isa = PBXBuildFile; fileRef = 57E221DE112B5FD700BBDCB9 /* ES1Renderer.mm */; };
		57E221FB112B607800BBDCB9 /* UntitledAppDelegate.m in Sources */ = {isa = PBXBuildFile; fileRef = 57E221E1112B5FD700BBDCB9 /* UntitledAppDelegate.m */; };
		57E22378112B638700BBDCB9 /* OpenGLES.framework in Frameworks */ = {isa = PBXBuildFile; fileRef = 57E22377112B638700BBDCB9 /* OpenGLES.framework */; };
		57E22381112B63A200BBDCB9 /* QuartzCore.framework in Frameworks */ = {isa = PBXBuildFile; fileRef = 57E22380112B63A200BBDCB9 /* QuartzCore.framework */; };
		57E22385112B63AC00BBDCB9 /* UIKit.framework in Frameworks */ = {isa = PBXBuildFile; fileRef = 57E22384112B63AC00BBDCB9 /* UIKit.framework */; };
		57E22388112B63B700BBDCB9 /* Foundation.framework in Frameworks */ = {isa = PBXBuildFile; fileRef = 57E22387112B63B700BBDCB9 /* Foundation.framework */; };
/* End PBXBuildFile section */

/* Begin PBXFileReference section */
		570960D0113AE41C0086E773 /* TileRaster.h */ = {isa = PBXFileReference; fileEncoding = 4; lastKnownFileType = sourcecode.c.h; name = TileRaster.h; path = ../TileRaster/TileRaster.h; sourceTree = SOURCE_ROOT; };
		570960D1113AE41C0086E773 /* TileRaster.cpp */ = {isa = PBXFileReference; fileEncoding = 4; lastKnownFileType = sourcecode.cpp.cpp; name = TileRaster.cpp; path = ../TileRaster/TileRaster.cpp; sourceTree = SOURCE_ROOT; };
		570D7DA5112C84D4004C4260 /* Raster.cpp */ = {isa = PBXFileReference; fileEncoding = 4; lastKnownFileType = sourcecode.cpp.cpp; name = Raster.cpp; path = ../SoftRaster/Raster.cpp; sourceTree = SOURCE_ROOT; };
		570D7DA6112C84D4004C4260 /* Raster.h */ = {isa = PBXFileReference; fileEncoding = 4; lastKnownFileType = sourcecode.c.h; name = Raster.h; path = ../SoftRaster/Raster.h; sourceTree = SOURCE_ROOT; };
		570D7DAD112C8641004C4260 /* internal_types.h */ = {isa = PBXFileReference; fileEncoding = 4; lastKnownFileType = sourcecode.c.h; name = internal_types.h; path = ../SoftRaster/internal_types.h; sourceTree = SOURCE_ROOT; };
		570D7E12112C930B004C4260 /* functions.h */ = {isa = PBXFileReference; fileEncoding = 4; lastKnownFileType = sourcecode.c.h; name = functions.h; path = ../SoftRaster/functions.h; sourceTree = SOURCE_ROOT; };
		571FB9C1112DE754001D9DEB /* Texture.h */ = {isa = PBXFileReference; fileEncoding = 4; lastKnownFileType = sourcecode.c.h; name = Texture.h; path = ../SoftRaster/Texture.h; sourceTree = SOURCE_ROOT; };
		574C7AB811335455008FD34B /* Color.h */ = {isa = PBXFileReference; fileEncoding = 4; lastKnownFileType = sourcecode.c.h; name = Color.h; path = ../SoftRaster/Color.h; sourceTree = SOURCE_ROOT; };
		574C7AB911335455008FD34B /* Position.h */ = {isa = PBXFileReference; fileEncoding = 4; lastKnownFileType = sourcecode.c.h; name = Position.h; path = ../SoftRaster/Position.h; sourceTree = SOURCE_ROOT; };
		574C7AFE1133566F008FD34B /* TextureSampler.h */ = {isa = PBXFileReference; fileEncoding = 4; lastKnownFileType = sourcecode.c.h; name = TextureSampler.h; path = ../SoftRaster/TextureSampler.h; sourceTree = SOURCE_ROOT; };
		576381FD1134B1B20057CCF9 /* Gouraud.h */ = {isa = PBXFileReference; fileEncoding = 4; lastKnownFileType = sourcecode.c.h; name = Gouraud.h; path = ../SoftRaster/Gouraud.h; sourceTree = SOURCE_ROOT; };
		57705765111F924800824133 /* MainMenu.xib */ = {isa = PBXFileReference; lastKnownFileType = file.xib; path = MainMenu.xib; sourceTree = "<group>"; };
		57705779111F94A200824133 /* Cocoa.framework */ = {isa = PBXFileReference; lastKnownFileType = wrapper.framework; name = Cocoa.framework; path = System/Library/Frameworks/Cocoa.framework; sourceTree = SDKROOT; };
		5770578D111F95CA00824133 /* TileBasedRenderer-list.strings */ = {isa = PBXFileReference; fileEncoding = 4; lastKnownFileType = text.plist.strings; path = "TileBasedRenderer-list.strings"; sourceTree = "<group>"; };
		577057C7111F96AD00824133 /* TileBasedRenderer.app */ = {isa = PBXFileReference; explicitFileType = wrapper.application; includeInIndex = 0; path = TileBasedRenderer.app; sourceTree = BUILT_PRODUCTS_DIR; };
		577057C9111F96AD00824133 /* TileBasedRenderer-Info.plist */ = {isa = PBXFileReference; lastKnownFileType = text.plist.xml; path = "TileBasedRenderer-Info.plist"; sourceTree = "<group>"; };
		577057ED111F97E400824133 /* main.m */ = {isa = PBXFileReference; fileEncoding = 4; lastKnownFileType = sourcecode.c.objc; path = main.m; sourceTree = "<group>"; };
		5770580A111F990200824133 /* TBRAppDelegate.h */ = {isa = PBXFileReference; fileEncoding = 4; lastKnownFileType = sourcecode.c.h; path = TBRAppDelegate.h; sourceTree = "<group>"; };
		5770580B111F990200824133 /* TBRAppDelegate.m */ = {isa = PBXFileReference; fileEncoding = 4; lastKnownFileType = sourcecode.c.objc; path = TBRAppDelegate.m; sourceTree = "<group>"; };
		5770583E111F9B3300824133 /* MainView.h */ = {isa = PBXFileReference; fileEncoding = 4; lastKnownFileType = sourcecode.c.h; path = MainView.h; sourceTree = "<group>"; };
		5770583F111F9B3300824133 /* MainView.mm */ = {isa = PBXFileReference; fileEncoding = 4; lastKnownFileType = sourcecode.cpp.objcpp; path = MainView.mm; sourceTree = "<group>"; };
		57BA6986111115FB00FFA062 /* EntryPoint.cpp */ = {isa = PBXFileReference; fileEncoding = 4; lastKnownFileType = sourcecode.cpp.cpp; name = EntryPoint.cpp; path = ../EntryPoint.cpp; sourceTree = SOURCE_ROOT; };
		57BA69B31111168300FFA062 /* debug.h */ = {isa = PBXFileReference; fileEncoding = 4; lastKnownFileType = sourcecode.c.h; path = debug.h; sourceTree = "<group>"; };
		57BA69B51111168300FFA062 /* AABB.h */ = {isa = PBXFileReference; fileEncoding = 4; lastKnownFileType = sourcecode.c.h; path = AABB.h; sourceTree = "<group>"; };
		57BA69B61111168300FFA062 /* UnitTest.cpp */ = {isa = PBXFileReference; fileEncoding = 4; lastKnownFileType = sourcecode.cpp.cpp; path = UnitTest.cpp; sourceTree = "<group>"; };
		57BA69B71111168300FFA062 /* UnitTest.h */ = {isa = PBXFileReference; fileEncoding = 4; lastKnownFileType = sourcecode.c.h; path = UnitTest.h; sourceTree = "<group>"; };
		57BA69B81111168300FFA062 /* functions.h */ = {isa = PBXFileReference; fileEncoding = 4; lastKnownFileType = sourcecode.c.h; path = functions.h; sourceTree = "<group>"; };
		57BA69BA1111168300FFA062 /* ray_box.h */ = {isa = PBXFileReference; fileEncoding = 4; lastKnownFileType = sourcecode.c.h; path = ray_box.h; sourceTree = "<group>"; };
		57BA69BB1111168300FFA062 /* ray_triangle.h */ = {isa = PBXFileReference; fileEncoding = 4; lastKnownFileType = sourcecode.c.h; path = ray_triangle.h; sourceTree = "<group>"; };
		57BA69BC1111168300FFA062 /* types.h */ = {isa = PBXFileReference; fileEncoding = 4; lastKnownFileType = sourcecode.c.h; path = types.h; sourceTree = "<group>"; };
		57BA69BE1111168300FFA062 /* Camera.cpp */ = {isa = PBXFileReference; fileEncoding = 4; lastKnownFileType = sourcecode.cpp.cpp; path = Camera.cpp; sourceTree = "<group>"; };
		57BA69BF1111168300FFA062 /* Camera.h */ = {isa = PBXFileReference; fileEncoding = 4; lastKnownFileType = sourcecode.c.h; path = Camera.h; sourceTree = "<group>"; };
		57BA69C01111168300FFA062 /* Material.cpp */ = {isa = PBXFileReference; fileEncoding = 4; lastKnownFileType = sourcecode.cpp.cpp; path = Material.cpp; sourceTree = "<group>"; };
		57BA69C11111168300FFA062 /* Material.h */ = {isa = PBXFileReference; fileEncoding = 4; lastKnownFileType = sourcecode.c.h; path = Material.h; sourceTree = "<group>"; };
		57BA69C21111168300FFA062 /* Mesh.cpp */ = {isa = PBXFileReference; fileEncoding = 4; lastKnownFileType = sourcecode.cpp.cpp; path = Mesh.cpp; sourceTree = "<group>"; };
		57BA69C31111168300FFA062 /* Mesh.h */ = {isa = PBXFileReference; fileEncoding = 4; lastKnownFileType = sourcecode.c.h; path = Mesh.h; sourceTree = "<group>"; };
		57BA69C41111168300FFA062 /* MeshCollision.cpp */ = {isa = PBXFileReference; fileEncoding = 4; lastKnownFileType = sourcecode.cpp.cpp; path = MeshCollision.cpp; sourceTree = "<group>"; };
		57BA69C51111168300FFA062 /* MeshCollision.h */ = {isa = PBXFileReference; fileEncoding = 4; lastKnownFileType = sourcecode.c.h; path = MeshCollision.h; sourceTree = "<group>"; };
		57BA69C61111168300FFA062 /* UnitTest.cpp */ = {isa = PBXFileReference; fileEncoding = 4; lastKnownFileType = sourcecode.cpp.cpp; path = UnitTest.cpp; sourceTree = "<group>"; };
		57BA69C71111168300FFA062 /* UnitTest.h */ = {isa = PBXFileReference; fileEncoding = 4; lastKnownFileType = sourcecode.c.h; path = UnitTest.h; sourceTree = "<group>"; };
		57BA69C91111168300FFA062 /* ASE_Parser.cpp */ = {isa = PBXFileReference; fileEncoding = 4; lastKnownFileType = sourcecode.cpp.cpp; path = ASE_Parser.cpp; sourceTree = "<group>"; };
		57BA69CA1111168300FFA062 /* ASE_Parser.h */ = {isa = PBXFileReference; fileEncoding = 4; lastKnownFileType = sourcecode.c.h; path = ASE_Parser.h; sourceTree = "<group>"; };
		57BA69CB1111168300FFA062 /* OBJ_Parser.cpp */ = {isa = PBXFileReference; fileEncoding = 4; lastKnownFileType = sourcecode.cpp.cpp; path = OBJ_Parser.cpp; sourceTree = "<group>"; };
		57BA69CC1111168300FFA062 /* Parsers.cpp */ = {isa = PBXFileReference; fileEncoding = 4; lastKnownFileType = sourcecode.cpp.cpp; path = Parsers.cpp; sourceTree = "<group>"; };
		57BA69CD1111168300FFA062 /* Parsers.h */ = {isa = PBXFileReference; fileEncoding = 4; lastKnownFileType = sourcecode.c.h; path = Parsers.h; sourceTree = "<group>"; };
		57BA69CE1111168300FFA062 /* types.h */ = {isa = PBXFileReference; fileEncoding = 4; lastKnownFileType = sourcecode.c.h; path = types.h; sourceTree = "<group>"; };
		57BA69D01111168300FFA062 /* Image.cpp */ = {isa = PBXFileReference; fileEncoding = 4; lastKnownFileType = sourcecode.cpp.cpp; path = Image.cpp; sourceTree = "<group>"; };
		57BA69D11111168300FFA062 /* Image.h */ = {isa = PBXFileReference; fileEncoding = 4; lastKnownFileType = sourcecode.c.h; path = Image.h; sourceTree = "<group>"; };
		57BA69D21111168300FFA062 /* TGA.cpp */ = {isa = PBXFileReference; fileEncoding = 4; lastKnownFileType = sourcecode.cpp.cpp; path = TGA.cpp; sourceTree = "<group>"; };
		57BA69D31111168300FFA062 /* functions.h */ = {isa = PBXFileReference; fileEncoding = 4; lastKnownFileType = sourcecode.c.h; path = functions.h; sourceTree = "<group>"; };
		57BA69D41111168300FFA062 /* types.h */ = {isa = PBXFileReference; fileEncoding = 4; lastKnownFileType = sourcecode.c.h; path = types.h; sourceTree = "<group>"; };
		57BA69D61111168300FFA062 /* UnitTest.cpp */ = {isa = PBXFileReference; fileEncoding = 4; lastKnownFileType = sourcecode.cpp.cpp; path = UnitTest.cpp; sourceTree = "<group>"; };
		57BA69D71111168300FFA062 /* UnitTest.h */ = {isa = PBXFileReference; fileEncoding = 4; lastKnownFileType = sourcecode.c.h; path = UnitTest.h; sourceTree = "<group>"; };
		57BA69D81111168300FFA062 /* functions.h */ = {isa = PBXFileReference; fileEncoding = 4; lastKnownFileType = sourcecode.c.h; path = functions.h; sourceTree = "<group>"; };
		57BA69D91111168300FFA062 /* math.cpp */ = {isa = PBXFileReference; fileEncoding = 4; lastKnownFileType = sourcecode.cpp.cpp; path = math.cpp; sourceTree = "<group>"; };
		57BA69DA1111168300FFA062 /* math.h */ = {isa = PBXFileReference; fileEncoding = 4; lastKnownFileType = sourcecode.c.h; path = math.h; sourceTree = "<group>"; };
		57BA69DB1111168300FFA062 /* matrix3x3.h */ = {isa = PBXFileReference; fileEncoding = 4; lastKnownFileType = sourcecode.c.h; path = matrix3x3.h; sourceTree = "<group>"; };
		57BA69DC1111168300FFA062 /* matrix4x4.h */ = {isa = PBXFileReference; fileEncoding = 4; lastKnownFileType = sourcecode.c.h; path = matrix4x4.h; sourceTree = "<group>"; };
		57BA69DD1111168300FFA062 /* type_traits.cpp */ = {isa = PBXFileReference; fileEncoding = 4; lastKnownFileType = sourcecode.cpp.cpp; path = type_traits.cpp; sourceTree = "<group>"; };
		57BA69DE1111168300FFA062 /* type_traits.h */ = {isa = PBXFileReference; fileEncoding = 4; lastKnownFileType = sourcecode.c.h; path = type_traits.h; sourceTree = "<group>"; };
		57BA69DF1111168300FFA062 /* types.h */ = {isa = PBXFileReference; fileEncoding = 4; lastKnownFileType = sourcecode.c.h; path = types.h; sourceTree = "<group>"; };
		57BA69E01111168300FFA062 /* vector2.h */ = {isa = PBXFileReference; fileEncoding = 4; lastKnownFileType = sourcecode.c.h; path = vector2.h; sourceTree = "<group>"; };
		57BA69E11111168300FFA062 /* vector3.h */ = {isa = PBXFileReference; fileEncoding = 4; lastKnownFileType = sourcecode.c.h; path = vector3.h; sourceTree = "<group>"; };
		57BA69E21111168300FFA062 /* vector4.h */ = {isa = PBXFileReference; fileEncoding = 4; lastKnownFileType = sourcecode.c.h; path = vector4.h; sourceTree = "<group>"; };
		57BA69E41111168300FFA062 /* clock.cpp */ = {isa = PBXFileReference; fileEncoding = 4; lastKnownFileType = sourcecode.cpp.cpp; path = clock.cpp; sourceTree = "<group>"; };
		57BA69E51111168300FFA062 /* clock.h */ = {isa = PBXFileReference; fileEncoding = 4; lastKnownFileType = sourcecode.c.h; path = clock.h; sourceTree = "<group>"; };
		57BA69E61111168300FFA062 /* system.cpp */ = {isa = PBXFileReference; fileEncoding = 4; lastKnownFileType = sourcecode.cpp.cpp; path = system.cpp; sourceTree = "<group>"; };
		57BA69E71111168300FFA062 /* system.h */ = {isa = PBXFileReference; fileEncoding = 4; lastKnownFileType = sourcecode.c.h; path = system.h; sourceTree = "<group>"; };
		57BA69EA1111168300FFA062 /* types.h */ = {isa = PBXFileReference; fileEncoding = 4; lastKnownFileType = sourcecode.c.h; path = types.h; sourceTree = "<group>"; };
		57C7BB6911334B6E00F1256C /* TextureModulate.h */ = {isa = PBXFileReference; fileEncoding = 4; lastKnownFileType = sourcecode.c.h; name = TextureModulate.h; path = ../SoftRaster/TextureModulate.h; sourceTree = SOURCE_ROOT; };
		57E221DB112B5FD700BBDCB9 /* EAGLView.h */ = {isa = PBXFileReference; fileEncoding = 4; lastKnownFileType = sourcecode.c.h; path = EAGLView.h; sourceTree = "<group>"; };
		57E221DC112B5FD700BBDCB9 /* EAGLView.mm */ = {isa = PBXFileReference; fileEncoding = 4; lastKnownFileType = sourcecode.cpp.objcpp; path = EAGLView.mm; sourceTree = "<group>"; };
		57E221DD112B5FD700BBDCB9 /* ES1Renderer.h */ = {isa = PBXFileReference; fileEncoding = 4; lastKnownFileType = sourcecode.c.h; path = ES1Renderer.h; sourceTree = "<group>"; };
		57E221DE112B5FD700BBDCB9 /* ES1Renderer.mm */ = {isa = PBXFileReference; fileEncoding = 4; lastKnownFileType = sourcecode.cpp.objcpp; path = ES1Renderer.mm; sourceTree = "<group>"; };
		57E221DF112B5FD700BBDCB9 /* ESRenderer.h */ = {isa = PBXFileReference; fileEncoding = 4; lastKnownFileType = sourcecode.c.h; path = ESRenderer.h; sourceTree = "<group>"; };
		57E221E0112B5FD700BBDCB9 /* UntitledAppDelegate.h */ = {isa = PBXFileReference; fileEncoding = 4; lastKnownFileType = sourcecode.c.h; path = UntitledAppDelegate.h; sourceTree = "<group>"; };
		57E221E1112B5FD700BBDCB9 /* UntitledAppDelegate.m */ = {isa = PBXFileReference; fileEncoding = 4; lastKnownFileType = sourcecode.c.objc; path = UntitledAppDelegate.m; sourceTree = "<group>"; };
		57E221E2112B5FD700BBDCB9 /* main.m */ = {isa = PBXFileReference; fileEncoding = 4; lastKnownFileType = sourcecode.c.objc; name = main.m; path = iPhone/main.m; sourceTree = "<group>"; };
		57E221E3112B5FD700BBDCB9 /* MainWindow.xib */ = {isa = PBXFileReference; lastKnownFileType = file.xib; name = MainWindow.xib; path = iPhone/MainWindow.xib; sourceTree = "<group>"; };
		57E221E4112B5FD700BBDCB9 /* iPhone-Info.plist */ = {isa = PBXFileReference; fileEncoding = 4; lastKnownFileType = text.plist.xml; name = "iPhone-Info.plist"; path = "iPhone/iPhone-Info.plist"; sourceTree = "<group>"; };
		57E221EF112B600A00BBDCB9 /* iPhone.app */ = {isa = PBXFileReference; explicitFileType = wrapper.application; includeInIndex = 0; path = iPhone.app; sourceTree = BUILT_PRODUCTS_DIR; };
		57E22377112B638700BBDCB9 /* OpenGLES.framework */ = {isa = PBXFileReference; lastKnownFileType = wrapper.framework; name = OpenGLES.framework; path = System/Library/Frameworks/OpenGLES.framework; sourceTree = SDKROOT; };
		57E22380112B63A200BBDCB9 /* QuartzCore.framework */ = {isa = PBXFileReference; lastKnownFileType = wrapper.framework; name = QuartzCore.framework; path = System/Library/Frameworks/QuartzCore.framework; sourceTree = SDKROOT; };
		57E22384112B63AC00BBDCB9 /* UIKit.framework */ = {isa = PBXFileReference; lastKnownFileType = wrapper.framework; name = UIKit.framework; path = System/Library/Frameworks/UIKit.framework; sourceTree = SDKROOT; };
		57E22387112B63B700BBDCB9 /* Foundation.framework */ = {isa = PBXFileReference; lastKnownFileType = wrapper.framework; name = Foundation.framework; path = System/Library/Frameworks/Foundation.framework; sourceTree = SDKROOT; };
		C6859E8B029090EE04C91782 /* TileBasedRenderer.1 */ = {isa = PBXFileReference; lastKnownFileType = text.man; path = TileBasedRenderer.1; sourceTree = "<group>"; };
/* End PBXFileReference section */

/* Begin PBXFrameworksBuildPhase section */
		577057C5111F96AD00824133 /* Frameworks */ = {
			isa = PBXFrameworksBuildPhase;
			buildActionMask = 2147483647;
			files = (
				57705802111F98A400824133 /* Cocoa.framework in Frameworks */,
			);
			runOnlyForDeploymentPostprocessing = 0;
		};
		57E221ED112B600A00BBDCB9 /* Frameworks */ = {
			isa = PBXFrameworksBuildPhase;
			buildActionMask = 2147483647;
			files = (
				57E22378112B638700BBDCB9 /* OpenGLES.framework in Frameworks */,
				57E22381112B63A200BBDCB9 /* QuartzCore.framework in Frameworks */,
				57E22385112B63AC00BBDCB9 /* UIKit.framework in Frameworks */,
				57E22388112B63B700BBDCB9 /* Foundation.framework in Frameworks */,
			);
			runOnlyForDeploymentPostprocessing = 0;
		};
/* End PBXFrameworksBuildPhase section */

/* Begin PBXGroup section */
		08FB7794FE84155DC02AAC07 /* TileBasedRenderer */ = {
			isa = PBXGroup;
			children = (
				57C33F1811397AC400563A4D /* Platform */,
				08FB7795FE84155DC02AAC07 /* Source */,
				57705766111F925100824133 /* Resources */,
				C6859E8C029090F304C91782 /* Documentation */,
				1AB674ADFE9D54B511CA2CBB /* Products */,
				57705779111F94A200824133 /* Cocoa.framework */,
			);
			name = TileBasedRenderer;
			sourceTree = "<group>";
		};
		08FB7795FE84155DC02AAC07 /* Source */ = {
			isa = PBXGroup;
			children = (
				570960CF113AE1B20086E773 /* TileRaster */,
				570D7DA3112C844D004C4260 /* SoftRaster */,
				57BA69B11111168300FFA062 /* pragma */,
				57BA6986111115FB00FFA062 /* EntryPoint.cpp */,
			);
			name = Source;
			sourceTree = "<group>";
		};
		1AB674ADFE9D54B511CA2CBB /* Products */ = {
			isa = PBXGroup;
			children = (
				577057C7111F96AD00824133 /* TileBasedRenderer.app */,
				57E221EF112B600A00BBDCB9 /* iPhone.app */,
			);
			name = Products;
			sourceTree = "<group>";
		};
		570960CF113AE1B20086E773 /* TileRaster */ = {
			isa = PBXGroup;
			children = (
				570960D0113AE41C0086E773 /* TileRaster.h */,
				570960D1113AE41C0086E773 /* TileRaster.cpp */,
			);
			name = TileRaster;
			sourceTree = "<group>";
		};
		570D7DA3112C844D004C4260 /* SoftRaster */ = {
			isa = PBXGroup;
			children = (
				570D7DA5112C84D4004C4260 /* Raster.cpp */,
				570D7DA6112C84D4004C4260 /* Raster.h */,
				570D7DAD112C8641004C4260 /* internal_types.h */,
				574C7AB911335455008FD34B /* Position.h */,
				574C7AB811335455008FD34B /* Color.h */,
				571FB9C1112DE754001D9DEB /* Texture.h */,
				57C7BB6911334B6E00F1256C /* TextureModulate.h */,
				576381FD1134B1B20057CCF9 /* Gouraud.h */,
				570D7E12112C930B004C4260 /* functions.h */,
				574C7AFE1133566F008FD34B /* TextureSampler.h */,
			);
			name = SoftRaster;
			sourceTree = "<group>";
		};
		57705766111F925100824133 /* Resources */ = {
			isa = PBXGroup;
			children = (
				577057C9111F96AD00824133 /* TileBasedRenderer-Info.plist */,
				57705765111F924800824133 /* MainMenu.xib */,
				5770578D111F95CA00824133 /* TileBasedRenderer-list.strings */,
			);
			name = Resources;
			sourceTree = "<group>";
		};
		57BA69B11111168300FFA062 /* pragma */ = {
			isa = PBXGroup;
			children = (
				57BA69B21111168300FFA062 /* debug */,
				57BA69B41111168300FFA062 /* geometry */,
				57BA69BD1111168300FFA062 /* graphics */,
				57BA69CF1111168300FFA062 /* image */,
				57BA69D51111168300FFA062 /* math */,
				57BA69E31111168300FFA062 /* system */,
				57BA69EA1111168300FFA062 /* types.h */,
			);
			name = pragma;
			path = ../../../src/pragma;
			sourceTree = SOURCE_ROOT;
		};
		57BA69B21111168300FFA062 /* debug */ = {
			isa = PBXGroup;
			children = (
				57BA69B31111168300FFA062 /* debug.h */,
			);
			path = debug;
			sourceTree = "<group>";
		};
		57BA69B41111168300FFA062 /* geometry */ = {
			isa = PBXGroup;
			children = (
				57BA69B91111168300FFA062 /* intersection */,
				57BA69B51111168300FFA062 /* AABB.h */,
				57BA69B61111168300FFA062 /* UnitTest.cpp */,
				57BA69B71111168300FFA062 /* UnitTest.h */,
				57BA69B81111168300FFA062 /* functions.h */,
				57BA69BC1111168300FFA062 /* types.h */,
			);
			path = geometry;
			sourceTree = "<group>";
		};
		57BA69B91111168300FFA062 /* intersection */ = {
			isa = PBXGroup;
			children = (
				57BA69BA1111168300FFA062 /* ray_box.h */,
				57BA69BB1111168300FFA062 /* ray_triangle.h */,
			);
			path = intersection;
			sourceTree = "<group>";
		};
		57BA69BD1111168300FFA062 /* graphics */ = {
			isa = PBXGroup;
			children = (
				57BA69C81111168300FFA062 /* import */,
				57BA69BE1111168300FFA062 /* Camera.cpp */,
				57BA69BF1111168300FFA062 /* Camera.h */,
				57BA69C01111168300FFA062 /* Material.cpp */,
				57BA69C11111168300FFA062 /* Material.h */,
				57BA69C21111168300FFA062 /* Mesh.cpp */,
				57BA69C31111168300FFA062 /* Mesh.h */,
				57BA69C41111168300FFA062 /* MeshCollision.cpp */,
				57BA69C51111168300FFA062 /* MeshCollision.h */,
				57BA69C61111168300FFA062 /* UnitTest.cpp */,
				57BA69C71111168300FFA062 /* UnitTest.h */,
				57BA69CE1111168300FFA062 /* types.h */,
			);
			path = graphics;
			sourceTree = "<group>";
		};
		57BA69C81111168300FFA062 /* import */ = {
			isa = PBXGroup;
			children = (
				57BA69C91111168300FFA062 /* ASE_Parser.cpp */,
				57BA69CA1111168300FFA062 /* ASE_Parser.h */,
				57BA69CB1111168300FFA062 /* OBJ_Parser.cpp */,
				57BA69CC1111168300FFA062 /* Parsers.cpp */,
				57BA69CD1111168300FFA062 /* Parsers.h */,
			);
			path = import;
			sourceTree = "<group>";
		};
		57BA69CF1111168300FFA062 /* image */ = {
			isa = PBXGroup;
			children = (
				57BA69D01111168300FFA062 /* Image.cpp */,
				57BA69D11111168300FFA062 /* Image.h */,
				57BA69D21111168300FFA062 /* TGA.cpp */,
				57BA69D31111168300FFA062 /* functions.h */,
				57BA69D41111168300FFA062 /* types.h */,
			);
			path = image;
			sourceTree = "<group>";
		};
		57BA69D51111168300FFA062 /* math */ = {
			isa = PBXGroup;
			children = (
				57BA69D61111168300FFA062 /* UnitTest.cpp */,
				57BA69D71111168300FFA062 /* UnitTest.h */,
				57BA69D81111168300FFA062 /* functions.h */,
				57BA69D91111168300FFA062 /* math.cpp */,
				57BA69DA1111168300FFA062 /* math.h */,
				57BA69DB1111168300FFA062 /* matrix3x3.h */,
				57BA69DC1111168300FFA062 /* matrix4x4.h */,
				57BA69DD1111168300FFA062 /* type_traits.cpp */,
				57BA69DE1111168300FFA062 /* type_traits.h */,
				57BA69DF1111168300FFA062 /* types.h */,
				57BA69E01111168300FFA062 /* vector2.h */,
				57BA69E11111168300FFA062 /* vector3.h */,
				57BA69E21111168300FFA062 /* vector4.h */,
			);
			path = math;
			sourceTree = "<group>";
		};
		57BA69E31111168300FFA062 /* system */ = {
			isa = PBXGroup;
			children = (
				57BA69E41111168300FFA062 /* clock.cpp */,
				57BA69E51111168300FFA062 /* clock.h */,
				57BA69E61111168300FFA062 /* system.cpp */,
				57BA69E71111168300FFA062 /* system.h */,
			);
			path = system;
			sourceTree = "<group>";
		};
		57C33F1811397AC400563A4D /* Platform */ = {
			isa = PBXGroup;
			children = (
				57E221D9112B5FBC00BBDCB9 /* iPhone */,
				57E326941138BB6F008721D5 /* OSX */,
			);
			name = Platform;
			sourceTree = "<group>";
		};
		57E221D9112B5FBC00BBDCB9 /* iPhone */ = {
			isa = PBXGroup;
			children = (
				57E222BA112B60BF00BBDCB9 /* Frameworks */,
				57E221DA112B5FD700BBDCB9 /* Classes */,
				57E221E2112B5FD700BBDCB9 /* main.m */,
				57E221E3112B5FD700BBDCB9 /* MainWindow.xib */,
				57E221E4112B5FD700BBDCB9 /* iPhone-Info.plist */,
			);
			name = iPhone;
			sourceTree = "<group>";
		};
		57E221DA112B5FD700BBDCB9 /* Classes */ = {
			isa = PBXGroup;
			children = (
				57E221DB112B5FD700BBDCB9 /* EAGLView.h */,
				57E221DC112B5FD700BBDCB9 /* EAGLView.mm */,
				57E221DD112B5FD700BBDCB9 /* ES1Renderer.h */,
				57E221DE112B5FD700BBDCB9 /* ES1Renderer.mm */,
				57E221DF112B5FD700BBDCB9 /* ESRenderer.h */,
				57E221E0112B5FD700BBDCB9 /* UntitledAppDelegate.h */,
				57E221E1112B5FD700BBDCB9 /* UntitledAppDelegate.m */,
			);
			name = Classes;
			path = iPhone/Classes;
			sourceTree = "<group>";
		};
		57E222BA112B60BF00BBDCB9 /* Frameworks */ = {
			isa = PBXGroup;
			children = (
				57E22377112B638700BBDCB9 /* OpenGLES.framework */,
				57E22380112B63A200BBDCB9 /* QuartzCore.framework */,
				57E22384112B63AC00BBDCB9 /* UIKit.framework */,
				57E22387112B63B700BBDCB9 /* Foundation.framework */,
			);
			name = Frameworks;
			sourceTree = "<group>";
		};
		57E326941138BB6F008721D5 /* OSX */ = {
			isa = PBXGroup;
			children = (
				577057ED111F97E400824133 /* main.m */,
				5770580A111F990200824133 /* TBRAppDelegate.h */,
				5770580B111F990200824133 /* TBRAppDelegate.m */,
				5770583E111F9B3300824133 /* MainView.h */,
				5770583F111F9B3300824133 /* MainView.mm */,
			);
			name = OSX;
			sourceTree = "<group>";
		};
		C6859E8C029090F304C91782 /* Documentation */ = {
			isa = PBXGroup;
			children = (
				C6859E8B029090EE04C91782 /* TileBasedRenderer.1 */,
			);
			name = Documentation;
			sourceTree = "<group>";
		};
/* End PBXGroup section */

/* Begin PBXNativeTarget section */
		577057C6111F96AD00824133 /* OSX */ = {
			isa = PBXNativeTarget;
			buildConfigurationList = 577057CC111F96AD00824133 /* Build configuration list for PBXNativeTarget "OSX" */;
			buildPhases = (
				577057C3111F96AD00824133 /* Resources */,
				577057C4111F96AD00824133 /* Sources */,
				577057C5111F96AD00824133 /* Frameworks */,
			);
			buildRules = (
			);
			dependencies = (
			);
			name = OSX;
			productName = TileBasedRenderer;
			productReference = 577057C7111F96AD00824133 /* TileBasedRenderer.app */;
			productType = "com.apple.product-type.application";
		};
		57E221EE112B600A00BBDCB9 /* iPhone */ = {
			isa = PBXNativeTarget;
			buildConfigurationList = 57E221F4112B600B00BBDCB9 /* Build configuration list for PBXNativeTarget "iPhone" */;
			buildPhases = (
				57E221EB112B600A00BBDCB9 /* Resources */,
				57E221EC112B600A00BBDCB9 /* Sources */,
				57E221ED112B600A00BBDCB9 /* Frameworks */,
			);
			buildRules = (
			);
			dependencies = (
			);
			name = iPhone;
			productName = iPhone;
			productReference = 57E221EF112B600A00BBDCB9 /* iPhone.app */;
			productType = "com.apple.product-type.application";
		};
/* End PBXNativeTarget section */

/* Begin PBXProject section */
		08FB7793FE84155DC02AAC07 /* Project object */ = {
			isa = PBXProject;
			buildConfigurationList = 1DEB923508733DC60010E9CD /* Build configuration list for PBXProject "TileBasedRenderer" */;
			compatibilityVersion = "Xcode 3.1";
			hasScannedForEncodings = 1;
			mainGroup = 08FB7794FE84155DC02AAC07 /* TileBasedRenderer */;
			projectDirPath = "";
			projectRoot = "";
			targets = (
				577057C6111F96AD00824133 /* OSX */,
				57E221EE112B600A00BBDCB9 /* iPhone */,
			);
		};
/* End PBXProject section */

/* Begin PBXResourcesBuildPhase section */
		577057C3111F96AD00824133 /* Resources */ = {
			isa = PBXResourcesBuildPhase;
			buildActionMask = 2147483647;
			files = (
				577057D5111F975100824133 /* MainMenu.xib in Resources */,
			);
			runOnlyForDeploymentPostprocessing = 0;
		};
		57E221EB112B600A00BBDCB9 /* Resources */ = {
			isa = PBXResourcesBuildPhase;
			buildActionMask = 2147483647;
			files = (
				57E221F8112B607200BBDCB9 /* MainWindow.xib in Resources */,
			);
			runOnlyForDeploymentPostprocessing = 0;
		};
/* End PBXResourcesBuildPhase section */

/* Begin PBXSourcesBuildPhase section */
		577057C4111F96AD00824133 /* Sources */ = {
			isa = PBXSourcesBuildPhase;
			buildActionMask = 2147483647;
			files = (
				577057EE111F97E400824133 /* main.m in Sources */,
				5770580C111F990200824133 /* TBRAppDelegate.m in Sources */,
				57705840111F9B3300824133 /* MainView.mm in Sources */,
				57705A0C111FB31D00824133 /* math.cpp in Sources */,
				570D7DA7112C84D4004C4260 /* Raster.cpp in Sources */,
				570960D3113AE41C0086E773 /* TileRaster.cpp in Sources */,
			);
			runOnlyForDeploymentPostprocessing = 0;
		};
		57E221EC112B600A00BBDCB9 /* Sources */ = {
			isa = PBXSourcesBuildPhase;
			buildActionMask = 2147483647;
			files = (
				57E221F6112B605600BBDCB9 /* math.cpp in Sources */,
				57E221F7112B607100BBDCB9 /* main.m in Sources */,
				57E221F9112B607600BBDCB9 /* EAGLView.mm in Sources */,
				57E221FA112B607700BBDCB9 /* ES1Renderer.mm in Sources */,
				57E221FB112B607800BBDCB9 /* UntitledAppDelegate.m in Sources */,
				570D7DA8112C84D4004C4260 /* Raster.cpp in Sources */,
				570960D2113AE41C0086E773 /* TileRaster.cpp in Sources */,
			);
			runOnlyForDeploymentPostprocessing = 0;
		};
/* End PBXSourcesBuildPhase section */

/* Begin XCBuildConfiguration section */
		1DEB923608733DC60010E9CD /* Debug */ = {
			isa = XCBuildConfiguration;
			buildSettings = {
				ARCHS = "$(ARCHS_STANDARD_32_64_BIT)";
				GCC_C_LANGUAGE_STANDARD = gnu99;
				GCC_OPTIMIZATION_LEVEL = 0;
				GCC_WARN_ABOUT_RETURN_TYPE = YES;
				GCC_WARN_UNUSED_FUNCTION = YES;
				GCC_WARN_UNUSED_VALUE = YES;
				GCC_WARN_UNUSED_VARIABLE = YES;
				HEADER_SEARCH_PATHS = ../../../src;
				ONLY_ACTIVE_ARCH = YES;
				PREBINDING = NO;
				SDKROOT = macosx10.6;
			};
			name = Debug;
		};
		1DEB923708733DC60010E9CD /* Release */ = {
			isa = XCBuildConfiguration;
			buildSettings = {
				ARCHS = "$(ARCHS_STANDARD_32_64_BIT)";
				GCC_AUTO_VECTORIZATION = YES;
				GCC_C_LANGUAGE_STANDARD = gnu99;
				GCC_ENABLE_CPP_EXCEPTIONS = NO;
				GCC_ENABLE_CPP_RTTI = NO;
				GCC_FAST_MATH = YES;
				GCC_OPTIMIZATION_LEVEL = 3;
				GCC_STRICT_ALIASING = YES;
				GCC_UNROLL_LOOPS = YES;
				GCC_WARN_ABOUT_RETURN_TYPE = YES;
				GCC_WARN_UNUSED_FUNCTION = YES;
				GCC_WARN_UNUSED_VALUE = YES;
				GCC_WARN_UNUSED_VARIABLE = YES;
				HEADER_SEARCH_PATHS = ../../../src;
				PREBINDING = NO;
				SDKROOT = macosx10.6;
			};
			name = Release;
		};
		577057CA111F96AD00824133 /* Debug */ = {
			isa = XCBuildConfiguration;
			buildSettings = {
				ALWAYS_SEARCH_USER_PATHS = NO;
				COPY_PHASE_STRIP = NO;
				GCC_DYNAMIC_NO_PIC = NO;
				GCC_ENABLE_FIX_AND_CONTINUE = YES;
				GCC_MODEL_TUNING = G5;
				GCC_OPTIMIZATION_LEVEL = 0;
				INFOPLIST_FILE = "TileBasedRenderer-Info.plist";
				INSTALL_PATH = "$(HOME)/Applications";
				OTHER_LDFLAGS = (
					"-framework",
					Foundation,
					"-framework",
					AppKit,
				);
				PREBINDING = NO;
				PRODUCT_NAME = TileBasedRenderer;
			};
			name = Debug;
		};
		577057CB111F96AD00824133 /* Release */ = {
			isa = XCBuildConfiguration;
			buildSettings = {
				ALWAYS_SEARCH_USER_PATHS = NO;
				COPY_PHASE_STRIP = YES;
				DEBUG_INFORMATION_FORMAT = "dwarf-with-dsym";
				GCC_ENABLE_FIX_AND_CONTINUE = NO;
				GCC_ENABLE_SSE3_EXTENSIONS = YES;
				GCC_ENABLE_SSE41_EXTENSIONS = YES;
				GCC_ENABLE_SSE42_EXTENSIONS = YES;
				GCC_ENABLE_SUPPLEMENTAL_SSE3_INSTRUCTIONS = YES;
				GCC_MODEL_TUNING = G5;
				INFOPLIST_FILE = "TileBasedRenderer-Info.plist";
				INSTALL_PATH = "$(HOME)/Applications";
				OTHER_LDFLAGS = (
					"-framework",
					Foundation,
					"-framework",
					AppKit,
				);
				PREBINDING = NO;
				PRODUCT_NAME = TileBasedRenderer;
				ZERO_LINK = NO;
			};
			name = Release;
		};
		57E221F2112B600B00BBDCB9 /* Debug */ = {
			isa = XCBuildConfiguration;
			buildSettings = {
				ALWAYS_SEARCH_USER_PATHS = NO;
				ARCHS = "$(ARCHS_STANDARD_32_BIT)";
				CODE_SIGN_IDENTITY = "iPhone Developer";
				COPY_PHASE_STRIP = NO;
				GCC_AUTO_VECTORIZATION = YES;
				GCC_DEBUGGING_SYMBOLS = full;
				GCC_DYNAMIC_NO_PIC = YES;
				GCC_FAST_MATH = YES;
				GCC_STRICT_ALIASING = YES;
				GCC_THUMB_SUPPORT = NO;
				GCC_UNROLL_LOOPS = YES;
				INFOPLIST_FILE = "iPhone/iPhone-Info.plist";
				INSTALL_PATH = "$(HOME)/Applications";
				ONLY_ACTIVE_ARCH = NO;
				OTHER_LDFLAGS = "";
				PREBINDING = NO;
				PRODUCT_NAME = iPhone;
				SDKROOT = iphoneos3.1.2;
				SKIP_INSTALL = YES;
			};
			name = Debug;
		};
		57E221F3112B600B00BBDCB9 /* Release */ = {
			isa = XCBuildConfiguration;
			buildSettings = {
				ALWAYS_SEARCH_USER_PATHS = NO;
				ARCHS = "$(ARCHS_UNIVERSAL_IPHONE_OS)";
				CODE_SIGN_IDENTITY = "iPhone Developer";
				COPY_PHASE_STRIP = NO;
				DEAD_CODE_STRIPPING = NO;
				DEBUG_INFORMATION_FORMAT = "dwarf-with-dsym";
				GCC_DEBUGGING_SYMBOLS = full;
				GCC_DYNAMIC_NO_PIC = YES;
				GCC_ENABLE_FIX_AND_CONTINUE = NO;
				GCC_FAST_MATH = YES;
				GCC_INLINES_ARE_PRIVATE_EXTERN = NO;
				GCC_STRICT_ALIASING = YES;
				GCC_THUMB_SUPPORT = NO;
				GCC_UNROLL_LOOPS = YES;
				INFOPLIST_FILE = "iPhone/iPhone-Info.plist";
				INSTALL_PATH = "$(HOME)/Applications";
				PREBINDING = NO;
				PRODUCT_NAME = iPhone;
				SDKROOT = iphoneos3.1.2;
				ZERO_LINK = NO;
			};
			name = Release;
		};
/* End XCBuildConfiguration section */

/* Begin XCConfigurationList section */
		1DEB923508733DC60010E9CD /* Build configuration list for PBXProject "TileBasedRenderer" */ = {
			isa = XCConfigurationList;
			buildConfigurations = (
				1DEB923608733DC60010E9CD /* Debug */,
				1DEB923708733DC60010E9CD /* Release */,
			);
			defaultConfigurationIsVisible = 0;
			defaultConfigurationName = Release;
		};
		577057CC111F96AD00824133 /* Build configuration list for PBXNativeTarget "OSX" */ = {
			isa = XCConfigurationList;
			buildConfigurations = (
				577057CA111F96AD00824133 /* Debug */,
				577057CB111F96AD00824133 /* Release */,
			);
			defaultConfigurationIsVisible = 0;
			defaultConfigurationName = Release;
		};
		57E221F4112B600B00BBDCB9 /* Build configuration list for PBXNativeTarget "iPhone" */ = {
			isa = XCConfigurationList;
			buildConfigurations = (
				57E221F2112B600B00BBDCB9 /* Debug */,
				57E221F3112B600B00BBDCB9 /* Release */,
			);
			defaultConfigurationIsVisible = 0;
			defaultConfigurationName = Release;
		};
/* End XCConfigurationList section */
	};
	rootObject = 08FB7793FE84155DC02AAC07 /* Project object */;
}
